
Microsoft Visual Studio Solution File, Format Version 12.00
# Visual Studio Version 16
VisualStudioVersion = 16.0.28714.193
MinimumVisualStudioVersion = 10.0.40219.1
Project("{9A19103F-16F7-4668-BE54-9A1E7A4F7556}") = "Shmuelie.FreeRangeWindows", "Shmuelie.FreeRangeWindows.csproj", "{B2FBE1BC-7A7E-4542-AB9E-2FC0D815A27A}"
EndProject
Global
	GlobalSection(SolutionConfigurationPlatforms) = preSolution
		Debug|Any CPU = Debug|Any CPU
		Release|Any CPU = Release|Any CPU
	EndGlobalSection
	GlobalSection(ProjectConfigurationPlatforms) = postSolution
		{B2FBE1BC-7A7E-4542-AB9E-2FC0D815A27A}.Debug|Any CPU.ActiveCfg = Debug|Any CPU
		{B2FBE1BC-7A7E-4542-AB9E-2FC0D815A27A}.Debug|Any CPU.Build.0 = Debug|Any CPU
		{B2FBE1BC-7A7E-4542-AB9E-2FC0D815A27A}.Release|Any CPU.ActiveCfg = Release|Any CPU
		{B2FBE1BC-7A7E-4542-AB9E-2FC0D815A27A}.Release|Any CPU.Build.0 = Release|Any CPU
	EndGlobalSection
	GlobalSection(SolutionProperties) = preSolution
		HideSolutionNode = FALSE
	EndGlobalSection
	GlobalSection(ExtensibilityGlobals) = postSolution
		SolutionGuid = {C7EDA04D-8DC8-4E7F-B219-B09325A98431}
	EndGlobalSection
EndGlobal
